// !$*UTF8*$!
{
	archiveVersion = 1;
	classes = {
	};
	objectVersion = 77;
	objects = {

/* Begin PBXContainerItemProxy section */
		40B58E1C2E1DB70300035AE1 /* PBXContainerItemProxy */ = {
			isa = PBXContainerItemProxy;
			containerPortal = 40B58E032E1DB70300035AE1 /* Project object */;
			proxyType = 1;
			remoteGlobalIDString = 40B58E0A2E1DB70300035AE1;
			remoteInfo = MetalX;
		};
		40B58E262E1DB70300035AE1 /* PBXContainerItemProxy */ = {
			isa = PBXContainerItemProxy;
			containerPortal = 40B58E032E1DB70300035AE1 /* Project object */;
			proxyType = 1;
			remoteGlobalIDString = 40B58E0A2E1DB70300035AE1;
			remoteInfo = MetalX;
		};
/* End PBXContainerItemProxy section */

/* Begin PBXFileReference section */
		40B58E0B2E1DB70300035AE1 /* MetalX.app */ = {isa = PBXFileReference; explicitFileType = wrapper.application; includeInIndex = 0; path = MetalX.app; sourceTree = BUILT_PRODUCTS_DIR; };
		40B58E1B2E1DB70300035AE1 /* MetalXTests.xctest */ = {isa = PBXFileReference; explicitFileType = wrapper.cfbundle; includeInIndex = 0; path = MetalXTests.xctest; sourceTree = BUILT_PRODUCTS_DIR; };
		40B58E252E1DB70300035AE1 /* MetalXUITests.xctest */ = {isa = PBXFileReference; explicitFileType = wrapper.cfbundle; includeInIndex = 0; path = MetalXUITests.xctest; sourceTree = BUILT_PRODUCTS_DIR; };
/* End PBXFileReference section */

/* Begin PBXFileSystemSynchronizedRootGroup section */
		40B58E0D2E1DB70300035AE1 /* MetalX */ = {
			isa = PBXFileSystemSynchronizedRootGroup;
			path = MetalX;
			sourceTree = "<group>";
		};
		40B58E1E2E1DB70300035AE1 /* MetalXTests */ = {
			isa = PBXFileSystemSynchronizedRootGroup;
			path = MetalXTests;
			sourceTree = "<group>";
		};
		40B58E282E1DB70300035AE1 /* MetalXUITests */ = {
			isa = PBXFileSystemSynchronizedRootGroup;
			path = MetalXUITests;
			sourceTree = "<group>";
		};
/* End PBXFileSystemSynchronizedRootGroup section */

/* Begin PBXFrameworksBuildPhase section */
		40B58E082E1DB70300035AE1 /* Frameworks */ = {
			isa = PBXFrameworksBuildPhase;
			buildActionMask = 2147483647;
			files = (
			);
			runOnlyForDeploymentPostprocessing = 0;
		};
		40B58E182E1DB70300035AE1 /* Frameworks */ = {
			isa = PBXFrameworksBuildPhase;
			buildActionMask = 2147483647;
			files = (
			);
			runOnlyForDeploymentPostprocessing = 0;
		};
		40B58E222E1DB70300035AE1 /* Frameworks */ = {
			isa = PBXFrameworksBuildPhase;
			buildActionMask = 2147483647;
			files = (
			);
			runOnlyForDeploymentPostprocessing = 0;
		};
/* End PBXFrameworksBuildPhase section */

/* Begin PBXGroup section */
		40B58E022E1DB70300035AE1 = {
			isa = PBXGroup;
			children = (
				40B58E0D2E1DB70300035AE1 /* MetalX */,
				40B58E1E2E1DB70300035AE1 /* MetalXTests */,
				40B58E282E1DB70300035AE1 /* MetalXUITests */,
				40B58E0C2E1DB70300035AE1 /* Products */,
			);
			sourceTree = "<group>";
		};
		40B58E0C2E1DB70300035AE1 /* Products */ = {
			isa = PBXGroup;
			children = (
				40B58E0B2E1DB70300035AE1 /* MetalX.app */,
				40B58E1B2E1DB70300035AE1 /* MetalXTests.xctest */,
				40B58E252E1DB70300035AE1 /* MetalXUITests.xctest */,
			);
			name = Products;
			sourceTree = "<group>";
		};
/* End PBXGroup section */

/* Begin PBXNativeTarget section */
		40B58E0A2E1DB70300035AE1 /* MetalX */ = {
			isa = PBXNativeTarget;
			buildConfigurationList = 40B58E2F2E1DB70300035AE1 /* Build configuration list for PBXNativeTarget "MetalX" */;
			buildPhases = (
				40B58E072E1DB70300035AE1 /* Sources */,
				40B58E082E1DB70300035AE1 /* Frameworks */,
				40B58E092E1DB70300035AE1 /* Resources */,
			);
			buildRules = (
			);
			dependencies = (
			);
			fileSystemSynchronizedGroups = (
				40B58E0D2E1DB70300035AE1 /* MetalX */,
			);
			name = MetalX;
			packageProductDependencies = (
			);
			productName = MetalX;
			productReference = 40B58E0B2E1DB70300035AE1 /* MetalX.app */;
			productType = "com.apple.product-type.application";
		};
		40B58E1A2E1DB70300035AE1 /* MetalXTests */ = {
			isa = PBXNativeTarget;
			buildConfigurationList = 40B58E322E1DB70300035AE1 /* Build configuration list for PBXNativeTarget "MetalXTests" */;
			buildPhases = (
				40B58E172E1DB70300035AE1 /* Sources */,
				40B58E182E1DB70300035AE1 /* Frameworks */,
				40B58E192E1DB70300035AE1 /* Resources */,
			);
			buildRules = (
			);
			dependencies = (
				40B58E1D2E1DB70300035AE1 /* PBXTargetDependency */,
			);
			fileSystemSynchronizedGroups = (
				40B58E1E2E1DB70300035AE1 /* MetalXTests */,
			);
			name = MetalXTests;
			packageProductDependencies = (
			);
			productName = MetalXTests;
			productReference = 40B58E1B2E1DB70300035AE1 /* MetalXTests.xctest */;
			productType = "com.apple.product-type.bundle.unit-test";
		};
		40B58E242E1DB70300035AE1 /* MetalXUITests */ = {
			isa = PBXNativeTarget;
			buildConfigurationList = 40B58E352E1DB70300035AE1 /* Build configuration list for PBXNativeTarget "MetalXUITests" */;
			buildPhases = (
				40B58E212E1DB70300035AE1 /* Sources */,
				40B58E222E1DB70300035AE1 /* Frameworks */,
				40B58E232E1DB70300035AE1 /* Resources */,
			);
			buildRules = (
			);
			dependencies = (
				40B58E272E1DB70300035AE1 /* PBXTargetDependency */,
			);
			fileSystemSynchronizedGroups = (
				40B58E282E1DB70300035AE1 /* MetalXUITests */,
			);
			name = MetalXUITests;
			packageProductDependencies = (
			);
			productName = MetalXUITests;
			productReference = 40B58E252E1DB70300035AE1 /* MetalXUITests.xctest */;
			productType = "com.apple.product-type.bundle.ui-testing";
		};
/* End PBXNativeTarget section */

/* Begin PBXProject section */
		40B58E032E1DB70300035AE1 /* Project object */ = {
			isa = PBXProject;
			attributes = {
				BuildIndependentTargetsInParallel = 1;
				LastSwiftUpdateCheck = 1620;
				LastUpgradeCheck = 1620;
				TargetAttributes = {
					40B58E0A2E1DB70300035AE1 = {
						CreatedOnToolsVersion = 16.2;
					};
					40B58E1A2E1DB70300035AE1 = {
						CreatedOnToolsVersion = 16.2;
						TestTargetID = 40B58E0A2E1DB70300035AE1;
					};
					40B58E242E1DB70300035AE1 = {
						CreatedOnToolsVersion = 16.2;
						TestTargetID = 40B58E0A2E1DB70300035AE1;
					};
				};
			};
			buildConfigurationList = 40B58E062E1DB70300035AE1 /* Build configuration list for PBXProject "MetalX" */;
			developmentRegion = en;
			hasScannedForEncodings = 0;
			knownRegions = (
				en,
				Base,
			);
			mainGroup = 40B58E022E1DB70300035AE1;
			minimizedProjectReferenceProxies = 1;
			preferredProjectObjectVersion = 77;
			productRefGroup = 40B58E0C2E1DB70300035AE1 /* Products */;
			projectDirPath = "";
			projectRoot = "";
			targets = (
				40B58E0A2E1DB70300035AE1 /* MetalX */,
				40B58E1A2E1DB70300035AE1 /* MetalXTests */,
				40B58E242E1DB70300035AE1 /* MetalXUITests */,
			);
		};
/* End PBXProject section */

/* Begin PBXResourcesBuildPhase section */
		40B58E092E1DB70300035AE1 /* Resources */ = {
			isa = PBXResourcesBuildPhase;
			buildActionMask = 2147483647;
			files = (
			);
			runOnlyForDeploymentPostprocessing = 0;
		};
		40B58E192E1DB70300035AE1 /* Resources */ = {
			isa = PBXResourcesBuildPhase;
			buildActionMask = 2147483647;
			files = (
			);
			runOnlyForDeploymentPostprocessing = 0;
		};
		40B58E232E1DB70300035AE1 /* Resources */ = {
			isa = PBXResourcesBuildPhase;
			buildActionMask = 2147483647;
			files = (
			);
			runOnlyForDeploymentPostprocessing = 0;
		};
/* End PBXResourcesBuildPhase section */

/* Begin PBXSourcesBuildPhase section */
		40B58E072E1DB70300035AE1 /* Sources */ = {
			isa = PBXSourcesBuildPhase;
			buildActionMask = 2147483647;
			files = (
			);
			runOnlyForDeploymentPostprocessing = 0;
		};
		40B58E172E1DB70300035AE1 /* Sources */ = {
			isa = PBXSourcesBuildPhase;
			buildActionMask = 2147483647;
			files = (
			);
			runOnlyForDeploymentPostprocessing = 0;
		};
		40B58E212E1DB70300035AE1 /* Sources */ = {
			isa = PBXSourcesBuildPhase;
			buildActionMask = 2147483647;
			files = (
			);
			runOnlyForDeploymentPostprocessing = 0;
		};
/* End PBXSourcesBuildPhase section */

/* Begin PBXTargetDependency section */
		40B58E1D2E1DB70300035AE1 /* PBXTargetDependency */ = {
			isa = PBXTargetDependency;
			target = 40B58E0A2E1DB70300035AE1 /* MetalX */;
			targetProxy = 40B58E1C2E1DB70300035AE1 /* PBXContainerItemProxy */;
		};
		40B58E272E1DB70300035AE1 /* PBXTargetDependency */ = {
			isa = PBXTargetDependency;
			target = 40B58E0A2E1DB70300035AE1 /* MetalX */;
			targetProxy = 40B58E262E1DB70300035AE1 /* PBXContainerItemProxy */;
		};
/* End PBXTargetDependency section */

/* Begin XCBuildConfiguration section */
		40B58E2D2E1DB70300035AE1 /* Debug */ = {
			isa = XCBuildConfiguration;
			buildSettings = {
				ALWAYS_SEARCH_USER_PATHS = NO;
				ASSETCATALOG_COMPILER_GENERATE_SWIFT_ASSET_SYMBOL_EXTENSIONS = YES;
				CLANG_ANALYZER_NONNULL = YES;
				CLANG_ANALYZER_NUMBER_OBJECT_CONVERSION = YES_AGGRESSIVE;
				CLANG_CXX_LANGUAGE_STANDARD = "gnu++20";
				CLANG_ENABLE_MODULES = YES;
				CLANG_ENABLE_OBJC_ARC = YES;
				CLANG_ENABLE_OBJC_WEAK = YES;
				CLANG_WARN_BLOCK_CAPTURE_AUTORELEASING = YES;
				CLANG_WARN_BOOL_CONVERSION = YES;
				CLANG_WARN_COMMA = YES;
				CLANG_WARN_CONSTANT_CONVERSION = YES;
				CLANG_WARN_DEPRECATED_OBJC_IMPLEMENTATIONS = YES;
				CLANG_WARN_DIRECT_OBJC_ISA_USAGE = YES_ERROR;
				CLANG_WARN_DOCUMENTATION_COMMENTS = YES;
				CLANG_WARN_EMPTY_BODY = YES;
				CLANG_WARN_ENUM_CONVERSION = YES;
				CLANG_WARN_INFINITE_RECURSION = YES;
				CLANG_WARN_INT_CONVERSION = YES;
				CLANG_WARN_NON_LITERAL_NULL_CONVERSION = YES;
				CLANG_WARN_OBJC_IMPLICIT_RETAIN_SELF = YES;
				CLANG_WARN_OBJC_LITERAL_CONVERSION = YES;
				CLANG_WARN_OBJC_ROOT_CLASS = YES_ERROR;
				CLANG_WARN_QUOTED_INCLUDE_IN_FRAMEWORK_HEADER = YES;
				CLANG_WARN_RANGE_LOOP_ANALYSIS = YES;
				CLANG_WARN_STRICT_PROTOTYPES = YES;
				CLANG_WARN_SUSPICIOUS_MOVE = YES;
				CLANG_WARN_UNGUARDED_AVAILABILITY = YES_AGGRESSIVE;
				CLANG_WARN_UNREACHABLE_CODE = YES;
				CLANG_WARN__DUPLICATE_METHOD_MATCH = YES;
				COPY_PHASE_STRIP = NO;
				DEBUG_INFORMATION_FORMAT = dwarf;
				ENABLE_STRICT_OBJC_MSGSEND = YES;
				ENABLE_TESTABILITY = YES;
				ENABLE_USER_SCRIPT_SANDBOXING = YES;
				GCC_C_LANGUAGE_STANDARD = gnu17;
				GCC_DYNAMIC_NO_PIC = NO;
				GCC_NO_COMMON_BLOCKS = YES;
				GCC_OPTIMIZATION_LEVEL = 0;
				GCC_PREPROCESSOR_DEFINITIONS = (
					"DEBUG=1",
					"$(inherited)",
				);
				GCC_WARN_64_TO_32_BIT_CONVERSION = YES;
				GCC_WARN_ABOUT_RETURN_TYPE = YES_ERROR;
				GCC_WARN_UNDECLARED_SELECTOR = YES;
				GCC_WARN_UNINITIALIZED_AUTOS = YES_AGGRESSIVE;
				GCC_WARN_UNUSED_FUNCTION = YES;
				GCC_WARN_UNUSED_VARIABLE = YES;
				IPHONEOS_DEPLOYMENT_TARGET = 18.2;
				LOCALIZATION_PREFERS_STRING_CATALOGS = YES;
				MTL_ENABLE_DEBUG_INFO = INCLUDE_SOURCE;
				MTL_FAST_MATH = YES;
				ONLY_ACTIVE_ARCH = YES;
				SDKROOT = iphoneos;
				SWIFT_ACTIVE_COMPILATION_CONDITIONS = "DEBUG $(inherited)";
				SWIFT_OPTIMIZATION_LEVEL = "-Onone";
			};
			name = Debug;
		};
		40B58E2E2E1DB70300035AE1 /* Release */ = {
			isa = XCBuildConfiguration;
			buildSettings = {
				ALWAYS_SEARCH_USER_PATHS = NO;
				ASSETCATALOG_COMPILER_GENERATE_SWIFT_ASSET_SYMBOL_EXTENSIONS = YES;
				CLANG_ANALYZER_NONNULL = YES;
				CLANG_ANALYZER_NUMBER_OBJECT_CONVERSION = YES_AGGRESSIVE;
				CLANG_CXX_LANGUAGE_STANDARD = "gnu++20";
				CLANG_ENABLE_MODULES = YES;
				CLANG_ENABLE_OBJC_ARC = YES;
				CLANG_ENABLE_OBJC_WEAK = YES;
				CLANG_WARN_BLOCK_CAPTURE_AUTORELEASING = YES;
				CLANG_WARN_BOOL_CONVERSION = YES;
				CLANG_WARN_COMMA = YES;
				CLANG_WARN_CONSTANT_CONVERSION = YES;
				CLANG_WARN_DEPRECATED_OBJC_IMPLEMENTATIONS = YES;
				CLANG_WARN_DIRECT_OBJC_ISA_USAGE = YES_ERROR;
				CLANG_WARN_DOCUMENTATION_COMMENTS = YES;
				CLANG_WARN_EMPTY_BODY = YES;
				CLANG_WARN_ENUM_CONVERSION = YES;
				CLANG_WARN_INFINITE_RECURSION = YES;
				CLANG_WARN_INT_CONVERSION = YES;
				CLANG_WARN_NON_LITERAL_NULL_CONVERSION = YES;
				CLANG_WARN_OBJC_IMPLICIT_RETAIN_SELF = YES;
				CLANG_WARN_OBJC_LITERAL_CONVERSION = YES;
				CLANG_WARN_OBJC_ROOT_CLASS = YES_ERROR;
				CLANG_WARN_QUOTED_INCLUDE_IN_FRAMEWORK_HEADER = YES;
				CLANG_WARN_RANGE_LOOP_ANALYSIS = YES;
				CLANG_WARN_STRICT_PROTOTYPES = YES;
				CLANG_WARN_SUSPICIOUS_MOVE = YES;
				CLANG_WARN_UNGUARDED_AVAILABILITY = YES_AGGRESSIVE;
				CLANG_WARN_UNREACHABLE_CODE = YES;
				CLANG_WARN__DUPLICATE_METHOD_MATCH = YES;
				COPY_PHASE_STRIP = NO;
				DEBUG_INFORMATION_FORMAT = "dwarf-with-dsym";
				ENABLE_NS_ASSERTIONS = NO;
				ENABLE_STRICT_OBJC_MSGSEND = YES;
				ENABLE_USER_SCRIPT_SANDBOXING = YES;
				GCC_C_LANGUAGE_STANDARD = gnu17;
				GCC_NO_COMMON_BLOCKS = YES;
				GCC_WARN_64_TO_32_BIT_CONVERSION = YES;
				GCC_WARN_ABOUT_RETURN_TYPE = YES_ERROR;
				GCC_WARN_UNDECLARED_SELECTOR = YES;
				GCC_WARN_UNINITIALIZED_AUTOS = YES_AGGRESSIVE;
				GCC_WARN_UNUSED_FUNCTION = YES;
				GCC_WARN_UNUSED_VARIABLE = YES;
				IPHONEOS_DEPLOYMENT_TARGET = 18.2;
				LOCALIZATION_PREFERS_STRING_CATALOGS = YES;
				MTL_ENABLE_DEBUG_INFO = NO;
				MTL_FAST_MATH = YES;
				SDKROOT = iphoneos;
				SWIFT_COMPILATION_MODE = wholemodule;
				VALIDATE_PRODUCT = YES;
			};
			name = Release;
		};
		40B58E302E1DB70300035AE1 /* Debug */ = {
			isa = XCBuildConfiguration;
			buildSettings = {
				ASSETCATALOG_COMPILER_APPICON_NAME = AppIcon;
				ASSETCATALOG_COMPILER_GLOBAL_ACCENT_COLOR_NAME = AccentColor;
				CODE_SIGN_STYLE = Automatic;
				CURRENT_PROJECT_VERSION = 1;
				DEVELOPMENT_ASSET_PATHS = "\"MetalX/Preview Content\"";
				DEVELOPMENT_TEAM = 7EL74LFP46;
				ENABLE_PREVIEWS = YES;
				GENERATE_INFOPLIST_FILE = YES;
				INFOPLIST_KEY_UIApplicationSceneManifest_Generation = YES;
				INFOPLIST_KEY_UIApplicationSupportsIndirectInputEvents = YES;
				INFOPLIST_KEY_UILaunchScreen_Generation = YES;
				INFOPLIST_KEY_UISupportedInterfaceOrientations_iPad = "UIInterfaceOrientationPortrait UIInterfaceOrientationPortraitUpsideDown UIInterfaceOrientationLandscapeLeft UIInterfaceOrientationLandscapeRight";
				INFOPLIST_KEY_UISupportedInterfaceOrientations_iPhone = "UIInterfaceOrientationPortrait UIInterfaceOrientationLandscapeLeft UIInterfaceOrientationLandscapeRight";
				LD_RUNPATH_SEARCH_PATHS = (
					"$(inherited)",
					"@executable_path/Frameworks",
				);
				MARKETING_VERSION = 1.0;
				PRODUCT_BUNDLE_IDENTIFIER = gnoodl.MetalX;
				PRODUCT_NAME = "$(TARGET_NAME)";
				SWIFT_EMIT_LOC_STRINGS = YES;
				SWIFT_VERSION = 5.0;
				TARGETED_DEVICE_FAMILY = "1,2";
			};
			name = Debug;
		};
		40B58E312E1DB70300035AE1 /* Release */ = {
			isa = XCBuildConfiguration;
			buildSettings = {
				ASSETCATALOG_COMPILER_APPICON_NAME = AppIcon;
				ASSETCATALOG_COMPILER_GLOBAL_ACCENT_COLOR_NAME = AccentColor;
				CODE_SIGN_STYLE = Automatic;
				CURRENT_PROJECT_VERSION = 1;
				DEVELOPMENT_ASSET_PATHS = "\"MetalX/Preview Content\"";
				DEVELOPMENT_TEAM = 7EL74LFP46;
				ENABLE_PREVIEWS = YES;
				GENERATE_INFOPLIST_FILE = YES;
				INFOPLIST_KEY_UIApplicationSceneManifest_Generation = YES;
				INFOPLIST_KEY_UIApplicationSupportsIndirectInputEvents = YES;
				INFOPLIST_KEY_UILaunchScreen_Generation = YES;
				INFOPLIST_KEY_UISupportedInterfaceOrientations_iPad = "UIInterfaceOrientationPortrait UIInterfaceOrientationPortraitUpsideDown UIInterfaceOrientationLandscapeLeft UIInterfaceOrientationLandscapeRight";
				INFOPLIST_KEY_UISupportedInterfaceOrientations_iPhone = "UIInterfaceOrientationPortrait UIInterfaceOrientationLandscapeLeft UIInterfaceOrientationLandscapeRight";
				LD_RUNPATH_SEARCH_PATHS = (
					"$(inherited)",
					"@executable_path/Frameworks",
				);
				MARKETING_VERSION = 1.0;
				PRODUCT_BUNDLE_IDENTIFIER = gnoodl.MetalX;
				PRODUCT_NAME = "$(TARGET_NAME)";
				SWIFT_EMIT_LOC_STRINGS = YES;
				SWIFT_VERSION = 5.0;
				TARGETED_DEVICE_FAMILY = "1,2";
			};
			name = Release;
		};
		40B58E332E1DB70300035AE1 /* Debug */ = {
			isa = XCBuildConfiguration;
			buildSettings = {
				BUNDLE_LOADER = "$(TEST_HOST)";
				CODE_SIGN_STYLE = Automatic;
				CURRENT_PROJECT_VERSION = 1;
				DEVELOPMENT_TEAM = 7EL74LFP46;
				GENERATE_INFOPLIST_FILE = YES;
				IPHONEOS_DEPLOYMENT_TARGET = 18.2;
				MARKETING_VERSION = 1.0;
				PRODUCT_BUNDLE_IDENTIFIER = gnoodl.MetalXTests;
				PRODUCT_NAME = "$(TARGET_NAME)";
				SWIFT_EMIT_LOC_STRINGS = NO;
				SWIFT_VERSION = 5.0;
				TARGETED_DEVICE_FAMILY = "1,2";
				TEST_HOST = "$(BUILT_PRODUCTS_DIR)/MetalX.app/$(BUNDLE_EXECUTABLE_FOLDER_PATH)/MetalX";
			};
			name = Debug;
		};
		40B58E342E1DB70300035AE1 /* Release */ = {
			isa = XCBuildConfiguration;
			buildSettings = {
				BUNDLE_LOADER = "$(TEST_HOST)";
				CODE_SIGN_STYLE = Automatic;
				CURRENT_PROJECT_VERSION = 1;
				DEVELOPMENT_TEAM = 7EL74LFP46;
				GENERATE_INFOPLIST_FILE = YES;
				IPHONEOS_DEPLOYMENT_TARGET = 18.2;
				MARKETING_VERSION = 1.0;
				PRODUCT_BUNDLE_IDENTIFIER = gnoodl.MetalXTests;
				PRODUCT_NAME = "$(TARGET_NAME)";
				SWIFT_EMIT_LOC_STRINGS = NO;
				SWIFT_VERSION = 5.0;
				TARGETED_DEVICE_FAMILY = "1,2";
				TEST_HOST = "$(BUILT_PRODUCTS_DIR)/MetalX.app/$(BUNDLE_EXECUTABLE_FOLDER_PATH)/MetalX";
			};
			name = Release;
		};
		40B58E362E1DB70300035AE1 /* Debug */ = {
			isa = XCBuildConfiguration;
			buildSettings = {
				CODE_SIGN_STYLE = Automatic;
				CURRENT_PROJECT_VERSION = 1;
				DEVELOPMENT_TEAM = 7EL74LFP46;
				GENERATE_INFOPLIST_FILE = YES;
				MARKETING_VERSION = 1.0;
				PRODUCT_BUNDLE_IDENTIFIER = gnoodl.MetalXUITests;
				PRODUCT_NAME = "$(TARGET_NAME)";
				SWIFT_EMIT_LOC_STRINGS = NO;
				SWIFT_VERSION = 5.0;
				TARGETED_DEVICE_FAMILY = "1,2";
				TEST_TARGET_NAME = MetalX;
			};
			name = Debug;
		};
		40B58E372E1DB70300035AE1 /* Release */ = {
			isa = XCBuildConfiguration;
			buildSettings = {
				CODE_SIGN_STYLE = Automatic;
				CURRENT_PROJECT_VERSION = 1;
				DEVELOPMENT_TEAM = 7EL74LFP46;
				GENERATE_INFOPLIST_FILE = YES;
				MARKETING_VERSION = 1.0;
				PRODUCT_BUNDLE_IDENTIFIER = gnoodl.MetalXUITests;
				PRODUCT_NAME = "$(TARGET_NAME)";
				SWIFT_EMIT_LOC_STRINGS = NO;
				SWIFT_VERSION = 5.0;
				TARGETED_DEVICE_FAMILY = "1,2";
				TEST_TARGET_NAME = MetalX;
			};
			name = Release;
		};
/* End XCBuildConfiguration section */

/* Begin XCConfigurationList section */
		40B58E062E1DB70300035AE1 /* Build configuration list for PBXProject "MetalX" */ = {
			isa = XCConfigurationList;
			buildConfigurations = (
				40B58E2D2E1DB70300035AE1 /* Debug */,
				40B58E2E2E1DB70300035AE1 /* Release */,
			);
			defaultConfigurationIsVisible = 0;
			defaultConfigurationName = Release;
		};
		40B58E2F2E1DB70300035AE1 /* Build configuration list for PBXNativeTarget "MetalX" */ = {
			isa = XCConfigurationList;
			buildConfigurations = (
				40B58E302E1DB70300035AE1 /* Debug */,
				40B58E312E1DB70300035AE1 /* Release */,
			);
			defaultConfigurationIsVisible = 0;
			defaultConfigurationName = Release;
		};
		40B58E322E1DB70300035AE1 /* Build configuration list for PBXNativeTarget "MetalXTests" */ = {
			isa = XCConfigurationList;
			buildConfigurations = (
				40B58E332E1DB70300035AE1 /* Debug */,
				40B58E342E1DB70300035AE1 /* Release */,
			);
			defaultConfigurationIsVisible = 0;
			defaultConfigurationName = Release;
		};
		40B58E352E1DB70300035AE1 /* Build configuration list for PBXNativeTarget "MetalXUITests" */ = {
			isa = XCConfigurationList;
			buildConfigurations = (
				40B58E362E1DB70300035AE1 /* Debug */,
				40B58E372E1DB70300035AE1 /* Release */,
			);
			defaultConfigurationIsVisible = 0;
			defaultConfigurationName = Release;
		};
/* End XCConfigurationList section */
	};
	rootObject = 40B58E032E1DB70300035AE1 /* Project object */;
}
